
Microsoft Visual Studio Solution File, Format Version 12.00
# Visual Studio Version 16
VisualStudioVersion = 16.0.30717.126
MinimumVisualStudioVersion = 10.0.40219.1
Project("{9A19103F-16F7-4668-BE54-9A1E7A4F7556}") = "Forth", "Forth\Forth.csproj", "{B0355483-3367-40DC-AA3D-38723A652519}"
EndProject
Global
	GlobalSection(SolutionConfigurationPlatforms) = preSolution
		Debug|Any CPU = Debug|Any CPU
		Release|Any CPU = Release|Any CPU
	EndGlobalSection
	GlobalSection(ProjectConfigurationPlatforms) = postSolution
		{B0355483-3367-40DC-AA3D-38723A652519}.Debug|Any CPU.ActiveCfg = Debug|Any CPU
		{B0355483-3367-40DC-AA3D-38723A652519}.Debug|Any CPU.Build.0 = Debug|Any CPU
		{B0355483-3367-40DC-AA3D-38723A652519}.Release|Any CPU.ActiveCfg = Release|Any CPU
		{B0355483-3367-40DC-AA3D-38723A652519}.Release|Any CPU.Build.0 = Release|Any CPU
	EndGlobalSection
	GlobalSection(SolutionProperties) = preSolution
		HideSolutionNode = FALSE
	EndGlobalSection
	GlobalSection(ExtensibilityGlobals) = postSolution
		SolutionGuid = {3E7DA68A-81CD-4E53-9A83-B618E104B587}
	EndGlobalSection
EndGlobal
